
Microsoft Visual Studio Solution File, Format Version 12.00
# Visual Studio Version 17
VisualStudioVersion = 17.12.35323.107
MinimumVisualStudioVersion = 10.0.40219.1
Project("{FAE04EC0-301F-11D3-BF4B-00C04F79EFBC}") = "Quine", "Quine.csproj", "{B218BDEB-765C-41A2-A3D6-26664E704BBC}"
EndProject
Global
	GlobalSection(SolutionConfigurationPlatforms) = preSolution
		Debug|Any CPU = Debug|Any CPU
		Release|Any CPU = Release|Any CPU
	EndGlobalSection
	GlobalSection(ProjectConfigurationPlatforms) = postSolution
		{B218BDEB-765C-41A2-A3D6-26664E704BBC}.Debug|Any CPU.ActiveCfg = Debug|Any CPU
		{B218BDEB-765C-41A2-A3D6-26664E704BBC}.Debug|Any CPU.Build.0 = Debug|Any CPU
		{B218BDEB-765C-41A2-A3D6-26664E704BBC}.Release|Any CPU.ActiveCfg = Release|Any CPU
		{B218BDEB-765C-41A2-A3D6-26664E704BBC}.Release|Any CPU.Build.0 = Release|Any CPU
	EndGlobalSection
	GlobalSection(SolutionProperties) = preSolution
		HideSolutionNode = FALSE
	EndGlobalSection
	GlobalSection(ExtensibilityGlobals) = postSolution
		SolutionGuid = {57428D3F-1E9B-40D5-9ED8-FCF9860F016A}
	EndGlobalSection
EndGlobal
